PODS:
  - Appodeal (2.6.5)
  - appodeal_ads (0.0.1):
    - Appodeal
    - Flutter
    - HCSStarRatingView
  - Flutter (1.0.0)
  - HCSStarRatingView (1.5)

DEPENDENCIES:
  - appodeal_ads (from `.symlinks/plugins/appodeal_ads/ios`)
  - Flutter (from `Flutter`)

SPEC REPOS:
  trunk:
    - Appodeal
    - HCSStarRatingView

EXTERNAL SOURCES:
  appodeal_ads:
    :path: ".symlinks/plugins/appodeal_ads/ios"
  Flutter:
    :path: Flutter

SPEC CHECKSUMS:
  Appodeal: 8b7785dda5b698d688fc9ff7872e2f8f395af638
  appodeal_ads: a0da9a8ec821c4cd826b806b760ca53a4072499c
  Flutter: 0e3d915762c693b495b44d77113d4970485de6ec
  HCSStarRatingView: 1d18f79654735514cd6f00e6d90e38cb6320dc31

PODFILE CHECKSUM: f32fb4e7c14f8b3ca19a369d7be425dd9241af27

COCOAPODS: 1.9.3
