PODS:
  - Appodeal (2.7.5)
  - appodeal_ads (0.0.1):
    - Appodeal
    - Flutter
    - HCSStarRatingView
    - StackConsentManager
  - Flutter (1.0.0)
  - HCSStarRatingView (1.5)
  - StackConsentManager (1.1.0)

DEPENDENCIES:
  - appodeal_ads (from `.symlinks/plugins/appodeal_ads/ios`)
  - Flutter (from `Flutter`)

SPEC REPOS:
  trunk:
    - Appodeal
    - HCSStarRatingView
    - StackConsentManager

EXTERNAL SOURCES:
  appodeal_ads:
    :path: ".symlinks/plugins/appodeal_ads/ios"
  Flutter:
    :path: Flutter

SPEC CHECKSUMS:
  Appodeal: bbcfbf63be492476f235bac82af1afffdcec5684
  appodeal_ads: 78ccc8985c66112544837665e268c0a3bc4594d8
  Flutter: 434fef37c0980e73bb6479ef766c45957d4b510c
  HCSStarRatingView: 1d18f79654735514cd6f00e6d90e38cb6320dc31
  StackConsentManager: 943dff106851f9c8fd56f4516d6eb60b09907cdc

PODFILE CHECKSUM: aafe91acc616949ddb318b77800a7f51bffa2a4c

COCOAPODS: 1.10.1
